
Microsoft Visual Studio Solution File, Format Version 12.00
# Visual Studio Version 16
VisualStudioVersion = 16.0.30523.141
MinimumVisualStudioVersion = 10.0.40219.1
Project("{FAE04EC0-301F-11D3-BF4B-00C04F79EFBC}") = "Robusta", "Robusta\Robusta.csproj", "{4E7B10AB-553A-4EB2-A57C-0A18703A7CC8}"
EndProject
Project("{FAE04EC0-301F-11D3-BF4B-00C04F79EFBC}") = "ApplicationContext", "ApplicationContext\ApplicationContext.csproj", "{4A41E201-0DAB-4C8C-AAFC-0543DACA2B89}"
EndProject
Global
	GlobalSection(SolutionConfigurationPlatforms) = preSolution
		Debug|Any CPU = Debug|Any CPU
		Release|Any CPU = Release|Any CPU
	EndGlobalSection
	GlobalSection(ProjectConfigurationPlatforms) = postSolution
		{4E7B10AB-553A-4EB2-A57C-0A18703A7CC8}.Debug|Any CPU.ActiveCfg = Debug|Any CPU
		{4E7B10AB-553A-4EB2-A57C-0A18703A7CC8}.Debug|Any CPU.Build.0 = Debug|Any CPU
		{4E7B10AB-553A-4EB2-A57C-0A18703A7CC8}.Release|Any CPU.ActiveCfg = Release|Any CPU
		{4E7B10AB-553A-4EB2-A57C-0A18703A7CC8}.Release|Any CPU.Build.0 = Release|Any CPU
		{4A41E201-0DAB-4C8C-AAFC-0543DACA2B89}.Debug|Any CPU.ActiveCfg = Debug|Any CPU
		{4A41E201-0DAB-4C8C-AAFC-0543DACA2B89}.Debug|Any CPU.Build.0 = Debug|Any CPU
		{4A41E201-0DAB-4C8C-AAFC-0543DACA2B89}.Release|Any CPU.ActiveCfg = Release|Any CPU
		{4A41E201-0DAB-4C8C-AAFC-0543DACA2B89}.Release|Any CPU.Build.0 = Release|Any CPU
	EndGlobalSection
	GlobalSection(SolutionProperties) = preSolution
		HideSolutionNode = FALSE
	EndGlobalSection
	GlobalSection(ExtensibilityGlobals) = postSolution
		SolutionGuid = {4E5DB12C-2478-477D-A316-70B3B89C993F}
	EndGlobalSection
EndGlobal
